
Microsoft Visual Studio Solution File, Format Version 10.00
# Visual Studio 2008
Project("{FAE04EC0-301F-11D3-BF4B-00C04F79EFBC}") = "PokeIn WCF Sample", "PokeIn WCF Sample.csproj", "{2F48D9BF-C503-4CED-8765-0236E4723E97}"
EndProject
Project("{FAE04EC0-301F-11D3-BF4B-00C04F79EFBC}") = "ClientWCF Control", "..\ClientWCF Control\ClientWCF Control.csproj", "{19E80195-DAF3-4EEA-A850-40D2C6C6B45A}"
EndProject
Global
	GlobalSection(SolutionConfigurationPlatforms) = preSolution
		Debug|Any CPU = Debug|Any CPU
		Release|Any CPU = Release|Any CPU
	EndGlobalSection
	GlobalSection(ProjectConfigurationPlatforms) = postSolution
		{2F48D9BF-C503-4CED-8765-0236E4723E97}.Debug|Any CPU.ActiveCfg = Debug|Any CPU
		{2F48D9BF-C503-4CED-8765-0236E4723E97}.Debug|Any CPU.Build.0 = Debug|Any CPU
		{2F48D9BF-C503-4CED-8765-0236E4723E97}.Release|Any CPU.ActiveCfg = Release|Any CPU
		{2F48D9BF-C503-4CED-8765-0236E4723E97}.Release|Any CPU.Build.0 = Release|Any CPU
		{19E80195-DAF3-4EEA-A850-40D2C6C6B45A}.Debug|Any CPU.ActiveCfg = Debug|Any CPU
		{19E80195-DAF3-4EEA-A850-40D2C6C6B45A}.Debug|Any CPU.Build.0 = Debug|Any CPU
		{19E80195-DAF3-4EEA-A850-40D2C6C6B45A}.Release|Any CPU.ActiveCfg = Release|Any CPU
		{19E80195-DAF3-4EEA-A850-40D2C6C6B45A}.Release|Any CPU.Build.0 = Release|Any CPU
	EndGlobalSection
	GlobalSection(SolutionProperties) = preSolution
		HideSolutionNode = FALSE
	EndGlobalSection
EndGlobal
